
Microsoft Visual Studio Solution File, Format Version 12.00
# Visual Studio 15
Project("{FAE04EC0-301F-11D3-BF4B-00C04F79EFBC}") = "UnityEngine.TestRunner", "UnityEngine.TestRunner.csproj", "{F03A6A14-8CA5-517C-138E-8FA414F21E83}"
EndProject
Project("{FAE04EC0-301F-11D3-BF4B-00C04F79EFBC}") = "UnityEngine.UI", "UnityEngine.UI.csproj", "{5EB76D40-6343-9834-0F7E-ACFFC38718CF}"
EndProject
Project("{FAE04EC0-301F-11D3-BF4B-00C04F79EFBC}") = "Unity.VisualScripting.Flow", "Unity.VisualScripting.Flow.csproj", "{BDDBB1AF-9CAA-303A-BD48-6424B66533A9}"
EndProject
Project("{FAE04EC0-301F-11D3-BF4B-00C04F79EFBC}") = "Unity.Mathematics", "Unity.Mathematics.csproj", "{756CC753-7599-7637-E65F-C33036B4881F}"
EndProject
Project("{FAE04EC0-301F-11D3-BF4B-00C04F79EFBC}") = "Unity.Services.Core.Telemetry", "Unity.Services.Core.Telemetry.csproj", "{00872187-168C-4E44-DC84-066105CF64CD}"
EndProject
Project("{FAE04EC0-301F-11D3-BF4B-00C04F79EFBC}") = "Unity.VisualScripting.State", "Unity.VisualScripting.State.csproj", "{EF30AEFA-C556-A192-939F-EBEED4161A6F}"
EndProject
Project("{FAE04EC0-301F-11D3-BF4B-00C04F79EFBC}") = "Unity.VisualScripting.Core", "Unity.VisualScripting.Core.csproj", "{86E838F2-9EFA-9A30-BEE3-CDFACE5BB274}"
EndProject
Project("{FAE04EC0-301F-11D3-BF4B-00C04F79EFBC}") = "Unity.Services.Core.Environments.Internal", "Unity.Services.Core.Environments.Internal.csproj", "{6074ED9A-AD89-5F62-AEBB-E2629E5FB23C}"
EndProject
Project("{FAE04EC0-301F-11D3-BF4B-00C04F79EFBC}") = "Unity.Burst", "Unity.Burst.csproj", "{7DF3EB3A-AC87-A4DD-95C9-D76CB42B96DE}"
EndProject
Project("{FAE04EC0-301F-11D3-BF4B-00C04F79EFBC}") = "Unity.2D.Animation.Runtime", "Unity.2D.Animation.Runtime.csproj", "{08397910-A3A9-C4F3-23FE-BB161D19ECFE}"
EndProject
Project("{FAE04EC0-301F-11D3-BF4B-00C04F79EFBC}") = "Unity.TextMeshPro", "Unity.TextMeshPro.csproj", "{0E190A68-7C02-D155-CECF-905A4FA47CB9}"
EndProject
Project("{FAE04EC0-301F-11D3-BF4B-00C04F79EFBC}") = "Unity.Timeline", "Unity.Timeline.csproj", "{1B661983-DE33-B4B1-0F9B-FE98DD84684C}"
EndProject
Project("{FAE04EC0-301F-11D3-BF4B-00C04F79EFBC}") = "Unity.Services.Core", "Unity.Services.Core.csproj", "{2922C4D3-678F-498E-9167-8906B41EC79A}"
EndProject
Project("{FAE04EC0-301F-11D3-BF4B-00C04F79EFBC}") = "Unity.Services.Core.Environments", "Unity.Services.Core.Environments.csproj", "{8401D8CD-35E6-BF7A-A187-DBFC3E411996}"
EndProject
Project("{FAE04EC0-301F-11D3-BF4B-00C04F79EFBC}") = "Unity.Services.Core.Internal", "Unity.Services.Core.Internal.csproj", "{5E2A984E-ED09-D295-C813-AF105D8A7D69}"
EndProject
Project("{FAE04EC0-301F-11D3-BF4B-00C04F79EFBC}") = "Unity.Services.Core.Analytics", "Unity.Services.Core.Analytics.csproj", "{86CD9D45-ED08-2310-DD44-35E0BE04D78D}"
EndProject
Project("{FAE04EC0-301F-11D3-BF4B-00C04F79EFBC}") = "Unity.2D.SpriteShape.Runtime", "Unity.2D.SpriteShape.Runtime.csproj", "{C86A225E-F614-AAE1-CBD1-3BB5CF17120D}"
EndProject
Project("{FAE04EC0-301F-11D3-BF4B-00C04F79EFBC}") = "Unity.Services.Core.Scheduler", "Unity.Services.Core.Scheduler.csproj", "{FCE3B466-3F69-C529-6E30-7E62F4FEF01F}"
EndProject
Project("{FAE04EC0-301F-11D3-BF4B-00C04F79EFBC}") = "Unity.Services.Core.Registration", "Unity.Services.Core.Registration.csproj", "{0EB0E32F-472F-F1EB-0FDE-34FA9A5C6E30}"
EndProject
Project("{FAE04EC0-301F-11D3-BF4B-00C04F79EFBC}") = "Unity.2D.PixelPerfect", "Unity.2D.PixelPerfect.csproj", "{12757F4C-E6D8-63B9-CDC6-42EB103EEBFC}"
EndProject
Project("{FAE04EC0-301F-11D3-BF4B-00C04F79EFBC}") = "Unity.2D.Common.Runtime", "Unity.2D.Common.Runtime.csproj", "{1DDE6656-4A9B-E76E-E7E4-A5CE1C81E132}"
EndProject
Project("{FAE04EC0-301F-11D3-BF4B-00C04F79EFBC}") = "Unity.2D.IK.Runtime", "Unity.2D.IK.Runtime.csproj", "{699AE72B-5240-C08F-C2F8-45945EF45074}"
EndProject
Project("{FAE04EC0-301F-11D3-BF4B-00C04F79EFBC}") = "Unity.Services.Core.Device", "Unity.Services.Core.Device.csproj", "{6EA22CF8-F11C-354C-B504-2D20F8D45A85}"
EndProject
Project("{FAE04EC0-301F-11D3-BF4B-00C04F79EFBC}") = "Unity.Services.Core.Threading", "Unity.Services.Core.Threading.csproj", "{009890A7-87CD-80E9-7229-E7EE1D93D3BD}"
EndProject
Project("{FAE04EC0-301F-11D3-BF4B-00C04F79EFBC}") = "Unity.2D.Tilemap.Extras", "Unity.2D.Tilemap.Extras.csproj", "{10DA42E6-3B88-0DEC-33D8-EF64532952AC}"
EndProject
Project("{FAE04EC0-301F-11D3-BF4B-00C04F79EFBC}") = "Unity.Services.Core.Networking", "Unity.Services.Core.Networking.csproj", "{7BF1F62D-4B9F-781A-0AB0-3469F320DABF}"
EndProject
Project("{FAE04EC0-301F-11D3-BF4B-00C04F79EFBC}") = "Unity.InternalAPIEngineBridge.001", "Unity.InternalAPIEngineBridge.001.csproj", "{CB8092FB-1F33-2DE3-BDBD-4C8B95B41922}"
EndProject
Project("{FAE04EC0-301F-11D3-BF4B-00C04F79EFBC}") = "Unity.Services.Core.Configuration", "Unity.Services.Core.Configuration.csproj", "{C2E61BF3-3ED4-A67B-583F-34F4DBB4756E}"
EndProject
Project("{FAE04EC0-301F-11D3-BF4B-00C04F79EFBC}") = "Assembly-CSharp", "Assembly-CSharp.csproj", "{5B580621-09B4-68CB-B5F4-5B9DD210A60F}"
EndProject
Project("{FAE04EC0-301F-11D3-BF4B-00C04F79EFBC}") = "Unity.PlasticSCM.Editor", "Unity.PlasticSCM.Editor.csproj", "{A9B356E2-0ADB-8139-1C3E-36598F5A791B}"
EndProject
Project("{FAE04EC0-301F-11D3-BF4B-00C04F79EFBC}") = "Unity.VisualScripting.Core.Editor", "Unity.VisualScripting.Core.Editor.csproj", "{044EC3B6-96EC-9CCB-7F01-5B950595EFD1}"
EndProject
Project("{FAE04EC0-301F-11D3-BF4B-00C04F79EFBC}") = "Unity.VisualScripting.Flow.Editor", "Unity.VisualScripting.Flow.Editor.csproj", "{D00035D0-518E-7D0D-361F-71C507FEBCEB}"
EndProject
Project("{FAE04EC0-301F-11D3-BF4B-00C04F79EFBC}") = "Unity.VisualStudio.Editor", "Unity.VisualStudio.Editor.csproj", "{D1A49AB5-6AA7-4604-038A-8329720F70F9}"
EndProject
Project("{FAE04EC0-301F-11D3-BF4B-00C04F79EFBC}") = "Unity.Timeline.Editor", "Unity.Timeline.Editor.csproj", "{4B0C2CFF-C8B4-A077-E189-8E43EEF1134F}"
EndProject
Project("{FAE04EC0-301F-11D3-BF4B-00C04F79EFBC}") = "Unity.VisualScripting.State.Editor", "Unity.VisualScripting.State.Editor.csproj", "{3F483A7B-9B4A-6099-8838-8C4ABF1B8B2A}"
EndProject
Project("{FAE04EC0-301F-11D3-BF4B-00C04F79EFBC}") = "Unity.TextMeshPro.Editor", "Unity.TextMeshPro.Editor.csproj", "{491B261A-1B70-B469-C046-62ACA5146ECE}"
EndProject
Project("{FAE04EC0-301F-11D3-BF4B-00C04F79EFBC}") = "Unity.2D.Animation.Editor", "Unity.2D.Animation.Editor.csproj", "{326CC6D2-3E23-76E0-6391-66D46D304D8D}"
EndProject
Project("{FAE04EC0-301F-11D3-BF4B-00C04F79EFBC}") = "Unity.VisualScripting.SettingsProvider.Editor", "Unity.VisualScripting.SettingsProvider.Editor.csproj", "{B08633BA-1B9A-BC2E-A8CA-5EC70E8EF766}"
EndProject
Project("{FAE04EC0-301F-11D3-BF4B-00C04F79EFBC}") = "Unity.CollabProxy.Editor", "Unity.CollabProxy.Editor.csproj", "{1CE4C491-0A6D-23E4-FA54-E85C87974EB6}"
EndProject
Project("{FAE04EC0-301F-11D3-BF4B-00C04F79EFBC}") = "UnityEditor.TestRunner", "UnityEditor.TestRunner.csproj", "{AF9C8BAF-1ECC-F98D-07CF-142EFC8A0C38}"
EndProject
Project("{FAE04EC0-301F-11D3-BF4B-00C04F79EFBC}") = "Unity.2D.Tilemap.Editor", "Unity.2D.Tilemap.Editor.csproj", "{B005DE64-59D9-A480-DA3F-0BC4D7202DA9}"
EndProject
Project("{FAE04EC0-301F-11D3-BF4B-00C04F79EFBC}") = "Unity.Services.Core.Editor", "Unity.Services.Core.Editor.csproj", "{2474C161-D50C-BE2B-E394-F8C93A07A1BB}"
EndProject
Project("{FAE04EC0-301F-11D3-BF4B-00C04F79EFBC}") = "Unity.Rider.Editor", "Unity.Rider.Editor.csproj", "{94F827D3-61C0-7CBC-A190-3E2F80AC6577}"
EndProject
Project("{FAE04EC0-301F-11D3-BF4B-00C04F79EFBC}") = "Unity.2D.Path.Editor", "Unity.2D.Path.Editor.csproj", "{842C1471-BE33-1012-23F8-B12F7FD2DAB7}"
EndProject
Project("{FAE04EC0-301F-11D3-BF4B-00C04F79EFBC}") = "PsdPlugin", "PsdPlugin.csproj", "{F4366210-D415-3BEF-9AF3-CDC6EBCF86A3}"
EndProject
Project("{FAE04EC0-301F-11D3-BF4B-00C04F79EFBC}") = "Unity.2D.IK.Editor", "Unity.2D.IK.Editor.csproj", "{2AB81635-98E2-29B1-623F-99D8470055E5}"
EndProject
Project("{FAE04EC0-301F-11D3-BF4B-00C04F79EFBC}") = "Unity.2D.Psdimporter.Editor", "Unity.2D.Psdimporter.Editor.csproj", "{82A333A3-697E-5EBE-B3C7-54B08F19BFA6}"
EndProject
Project("{FAE04EC0-301F-11D3-BF4B-00C04F79EFBC}") = "Unity.2D.SpriteShape.Editor", "Unity.2D.SpriteShape.Editor.csproj", "{5A1FE3D4-D425-A6E4-0832-A730D92789B3}"
EndProject
Project("{FAE04EC0-301F-11D3-BF4B-00C04F79EFBC}") = "Unity.Burst.CodeGen", "Unity.Burst.CodeGen.csproj", "{EA01A466-3C81-3F16-A520-AF27AF937B6E}"
EndProject
Project("{FAE04EC0-301F-11D3-BF4B-00C04F79EFBC}") = "Unity.2D.PixelPerfect.Editor", "Unity.2D.PixelPerfect.Editor.csproj", "{02157632-57A1-4DE4-277C-6C2B7BB718B3}"
EndProject
Project("{FAE04EC0-301F-11D3-BF4B-00C04F79EFBC}") = "Unity.VSCode.Editor", "Unity.VSCode.Editor.csproj", "{E25B9577-A0E7-4DBE-E901-838B9EEDE883}"
EndProject
Project("{FAE04EC0-301F-11D3-BF4B-00C04F79EFBC}") = "Unity.2D.Sprite.Editor", "Unity.2D.Sprite.Editor.csproj", "{0E10E4C8-92F6-6EC0-9C24-1C7FC9E40C44}"
EndProject
Project("{FAE04EC0-301F-11D3-BF4B-00C04F79EFBC}") = "UnityEditor.UI", "UnityEditor.UI.csproj", "{EB542B19-361E-7881-C312-841C00D24D02}"
EndProject
Project("{FAE04EC0-301F-11D3-BF4B-00C04F79EFBC}") = "Unity.2D.Common.Editor", "Unity.2D.Common.Editor.csproj", "{A53E1654-F91E-36AC-181C-A7191BA3F69A}"
EndProject
Project("{FAE04EC0-301F-11D3-BF4B-00C04F79EFBC}") = "Unity.Mathematics.Editor", "Unity.Mathematics.Editor.csproj", "{072383D5-2071-4FF5-E386-B64AC9285258}"
EndProject
Project("{FAE04EC0-301F-11D3-BF4B-00C04F79EFBC}") = "Unity.Services.Core.Configuration.Editor", "Unity.Services.Core.Configuration.Editor.csproj", "{2FCB5B76-88CC-016A-3C5F-29C22CB09654}"
EndProject
Project("{FAE04EC0-301F-11D3-BF4B-00C04F79EFBC}") = "Unity.2D.Tilemap.Extras.Editor", "Unity.2D.Tilemap.Extras.Editor.csproj", "{EE9F526C-7A88-1E1D-42A0-6BC33C497857}"
EndProject
Project("{FAE04EC0-301F-11D3-BF4B-00C04F79EFBC}") = "Unity.Burst.Editor", "Unity.Burst.Editor.csproj", "{8E75DA6F-27C7-30A9-B345-1F0D4A16BBCE}"
EndProject
Project("{FAE04EC0-301F-11D3-BF4B-00C04F79EFBC}") = "Unity.InternalAPIEditorBridge.001", "Unity.InternalAPIEditorBridge.001.csproj", "{2D06CA18-85D5-DC00-9CDE-F43CD4A19A1F}"
EndProject
Project("{FAE04EC0-301F-11D3-BF4B-00C04F79EFBC}") = "Unity.VisualScripting.Shared.Editor", "Unity.VisualScripting.Shared.Editor.csproj", "{F976BAA9-EBF1-F414-D952-CCE101D029E5}"
EndProject
Project("{FAE04EC0-301F-11D3-BF4B-00C04F79EFBC}") = "Assembly-CSharp-Editor", "Assembly-CSharp-Editor.csproj", "{3CC9D2C0-C461-07D9-EDF3-4FFB4DE5C299}"
EndProject
Project("{FAE04EC0-301F-11D3-BF4B-00C04F79EFBC}") = "UnityEngine.TestRunner", "UnityEngine.TestRunner.Player.csproj", "{99943B92-D8A9-AD82-FF25-269D0EFD782E}"
EndProject
Project("{FAE04EC0-301F-11D3-BF4B-00C04F79EFBC}") = "UnityEngine.UI", "UnityEngine.UI.Player.csproj", "{F4BD3123-3E6B-6176-8F8F-9AE8B09BEC1E}"
EndProject
Project("{FAE04EC0-301F-11D3-BF4B-00C04F79EFBC}") = "Unity.VisualScripting.Flow", "Unity.VisualScripting.Flow.Player.csproj", "{41B2ABDC-8448-1923-7F61-DE7C3F9DBB21}"
EndProject
Project("{FAE04EC0-301F-11D3-BF4B-00C04F79EFBC}") = "Unity.Mathematics", "Unity.Mathematics.Player.csproj", "{7B4B299D-B68C-114F-54D7-0A2321EC308B}"
EndProject
Project("{FAE04EC0-301F-11D3-BF4B-00C04F79EFBC}") = "Unity.Services.Core.Telemetry", "Unity.Services.Core.Telemetry.Player.csproj", "{FCD47650-9748-2FA0-81A2-F20661BBFBC3}"
EndProject
Project("{FAE04EC0-301F-11D3-BF4B-00C04F79EFBC}") = "Unity.VisualScripting.State", "Unity.VisualScripting.State.Player.csproj", "{A3EF6862-9FB9-2645-93FA-AD00AF62628E}"
EndProject
Project("{FAE04EC0-301F-11D3-BF4B-00C04F79EFBC}") = "Unity.VisualScripting.Core", "Unity.VisualScripting.Core.Player.csproj", "{5F807886-B334-9D33-E54E-5B11CBED97F7}"
EndProject
Project("{FAE04EC0-301F-11D3-BF4B-00C04F79EFBC}") = "Unity.Services.Core.Environments.Internal", "Unity.Services.Core.Environments.Internal.Player.csproj", "{DCF871C0-6D6F-DF79-7920-49FBA4C89006}"
EndProject
Project("{FAE04EC0-301F-11D3-BF4B-00C04F79EFBC}") = "Unity.Burst", "Unity.Burst.Player.csproj", "{25CEB621-007C-C0EE-4135-2A0FB8DFB031}"
EndProject
Project("{FAE04EC0-301F-11D3-BF4B-00C04F79EFBC}") = "Unity.2D.Animation.Runtime", "Unity.2D.Animation.Runtime.Player.csproj", "{398535F7-B157-0441-101B-E313A10EC8C5}"
EndProject
Project("{FAE04EC0-301F-11D3-BF4B-00C04F79EFBC}") = "Unity.TextMeshPro", "Unity.TextMeshPro.Player.csproj", "{AE2F5452-3899-7989-CC82-77A1BF6D5876}"
EndProject
Project("{FAE04EC0-301F-11D3-BF4B-00C04F79EFBC}") = "Unity.Timeline", "Unity.Timeline.Player.csproj", "{1B69EAA8-0570-DB8C-0CCB-996A28875582}"
EndProject
Project("{FAE04EC0-301F-11D3-BF4B-00C04F79EFBC}") = "Unity.Services.Core", "Unity.Services.Core.Player.csproj", "{65F60595-1680-7B6E-30BE-78FD64F73604}"
EndProject
Project("{FAE04EC0-301F-11D3-BF4B-00C04F79EFBC}") = "Unity.Services.Core.Environments", "Unity.Services.Core.Environments.Player.csproj", "{FBBD67CC-65A4-5CC0-3059-A38E0219734D}"
EndProject
Project("{FAE04EC0-301F-11D3-BF4B-00C04F79EFBC}") = "Unity.Services.Core.Internal", "Unity.Services.Core.Internal.Player.csproj", "{5F515BEA-3995-276E-DBA4-F9B99CFE548A}"
EndProject
Project("{FAE04EC0-301F-11D3-BF4B-00C04F79EFBC}") = "Unity.Services.Core.Analytics", "Unity.Services.Core.Analytics.Player.csproj", "{8E2FF03C-0A66-B40B-6CF7-500A53A8F664}"
EndProject
Project("{FAE04EC0-301F-11D3-BF4B-00C04F79EFBC}") = "Unity.2D.SpriteShape.Runtime", "Unity.2D.SpriteShape.Runtime.Player.csproj", "{03D9A3FE-D9DC-FFB0-62C6-23A9ABC6F276}"
EndProject
Project("{FAE04EC0-301F-11D3-BF4B-00C04F79EFBC}") = "Unity.Services.Core.Scheduler", "Unity.Services.Core.Scheduler.Player.csproj", "{53438BEB-CF57-DB2B-4973-691B7A7B8F7E}"
EndProject
Project("{FAE04EC0-301F-11D3-BF4B-00C04F79EFBC}") = "Unity.Services.Core.Registration", "Unity.Services.Core.Registration.Player.csproj", "{EBD1A977-F237-24D3-8292-748FFB234603}"
EndProject
Project("{FAE04EC0-301F-11D3-BF4B-00C04F79EFBC}") = "Unity.2D.PixelPerfect", "Unity.2D.PixelPerfect.Player.csproj", "{338F87E5-96EA-46B2-5D98-F339DCD4A68E}"
EndProject
Project("{FAE04EC0-301F-11D3-BF4B-00C04F79EFBC}") = "Unity.2D.Common.Runtime", "Unity.2D.Common.Runtime.Player.csproj", "{9A5030DA-5EFC-AC41-CC63-B4F521C1D0C0}"
EndProject
Project("{FAE04EC0-301F-11D3-BF4B-00C04F79EFBC}") = "Unity.2D.IK.Runtime", "Unity.2D.IK.Runtime.Player.csproj", "{5014DC85-3247-99A5-9052-EFD8D6441114}"
EndProject
Project("{FAE04EC0-301F-11D3-BF4B-00C04F79EFBC}") = "Unity.Services.Core.Device", "Unity.Services.Core.Device.Player.csproj", "{9BE1C8F7-9BDA-848B-397F-55ED5B6C5450}"
EndProject
Project("{FAE04EC0-301F-11D3-BF4B-00C04F79EFBC}") = "Unity.Services.Core.Threading", "Unity.Services.Core.Threading.Player.csproj", "{A0B1B46C-8848-EE47-EC02-13A519BA60DA}"
EndProject
Project("{FAE04EC0-301F-11D3-BF4B-00C04F79EFBC}") = "Unity.2D.Tilemap.Extras", "Unity.2D.Tilemap.Extras.Player.csproj", "{6419E132-6465-98B7-4B83-F6D13D9BDAE4}"
EndProject
Project("{FAE04EC0-301F-11D3-BF4B-00C04F79EFBC}") = "Unity.Services.Core.Networking", "Unity.Services.Core.Networking.Player.csproj", "{D788BA9A-03C6-5A35-EB97-688FD0B221E4}"
EndProject
Project("{FAE04EC0-301F-11D3-BF4B-00C04F79EFBC}") = "Unity.InternalAPIEngineBridge.001", "Unity.InternalAPIEngineBridge.001.Player.csproj", "{A09E7460-EC68-B8A1-1B20-569FF11DBD10}"
EndProject
Project("{FAE04EC0-301F-11D3-BF4B-00C04F79EFBC}") = "Unity.Services.Core.Configuration", "Unity.Services.Core.Configuration.Player.csproj", "{3D9678E1-1481-317F-88EC-B0FB824C1756}"
EndProject
Project("{FAE04EC0-301F-11D3-BF4B-00C04F79EFBC}") = "Assembly-CSharp", "Assembly-CSharp.Player.csproj", "{6CC918C0-CD51-58F0-B691-D43367F7D851}"
EndProject
Global
	GlobalSection(SolutionConfigurationPlatforms) = preSolution
		Debug|Any CPU = Debug|Any CPU
		Release|Any CPU = Release|Any CPU
	EndGlobalSection
	GlobalSection(ProjectConfigurationPlatforms) = postSolution
		{F03A6A14-8CA5-517C-138E-8FA414F21E83}.Debug|Any CPU.ActiveCfg = Debug|Any CPU
		{F03A6A14-8CA5-517C-138E-8FA414F21E83}.Debug|Any CPU.Build.0 = Debug|Any CPU
		{F03A6A14-8CA5-517C-138E-8FA414F21E83}.Release|Any CPU.ActiveCfg = Release|Any CPU
		{F03A6A14-8CA5-517C-138E-8FA414F21E83}.Release|Any CPU.Build.0 = Release|Any CPU
		{5EB76D40-6343-9834-0F7E-ACFFC38718CF}.Debug|Any CPU.ActiveCfg = Debug|Any CPU
		{5EB76D40-6343-9834-0F7E-ACFFC38718CF}.Debug|Any CPU.Build.0 = Debug|Any CPU
		{5EB76D40-6343-9834-0F7E-ACFFC38718CF}.Release|Any CPU.ActiveCfg = Release|Any CPU
		{5EB76D40-6343-9834-0F7E-ACFFC38718CF}.Release|Any CPU.Build.0 = Release|Any CPU
		{BDDBB1AF-9CAA-303A-BD48-6424B66533A9}.Debug|Any CPU.ActiveCfg = Debug|Any CPU
		{BDDBB1AF-9CAA-303A-BD48-6424B66533A9}.Debug|Any CPU.Build.0 = Debug|Any CPU
		{BDDBB1AF-9CAA-303A-BD48-6424B66533A9}.Release|Any CPU.ActiveCfg = Release|Any CPU
		{BDDBB1AF-9CAA-303A-BD48-6424B66533A9}.Release|Any CPU.Build.0 = Release|Any CPU
		{756CC753-7599-7637-E65F-C33036B4881F}.Debug|Any CPU.ActiveCfg = Debug|Any CPU
		{756CC753-7599-7637-E65F-C33036B4881F}.Debug|Any CPU.Build.0 = Debug|Any CPU
		{756CC753-7599-7637-E65F-C33036B4881F}.Release|Any CPU.ActiveCfg = Release|Any CPU
		{756CC753-7599-7637-E65F-C33036B4881F}.Release|Any CPU.Build.0 = Release|Any CPU
		{00872187-168C-4E44-DC84-066105CF64CD}.Debug|Any CPU.ActiveCfg = Debug|Any CPU
		{00872187-168C-4E44-DC84-066105CF64CD}.Debug|Any CPU.Build.0 = Debug|Any CPU
		{00872187-168C-4E44-DC84-066105CF64CD}.Release|Any CPU.ActiveCfg = Release|Any CPU
		{00872187-168C-4E44-DC84-066105CF64CD}.Release|Any CPU.Build.0 = Release|Any CPU
		{EF30AEFA-C556-A192-939F-EBEED4161A6F}.Debug|Any CPU.ActiveCfg = Debug|Any CPU
		{EF30AEFA-C556-A192-939F-EBEED4161A6F}.Debug|Any CPU.Build.0 = Debug|Any CPU
		{EF30AEFA-C556-A192-939F-EBEED4161A6F}.Release|Any CPU.ActiveCfg = Release|Any CPU
		{EF30AEFA-C556-A192-939F-EBEED4161A6F}.Release|Any CPU.Build.0 = Release|Any CPU
		{86E838F2-9EFA-9A30-BEE3-CDFACE5BB274}.Debug|Any CPU.ActiveCfg = Debug|Any CPU
		{86E838F2-9EFA-9A30-BEE3-CDFACE5BB274}.Debug|Any CPU.Build.0 = Debug|Any CPU
		{86E838F2-9EFA-9A30-BEE3-CDFACE5BB274}.Release|Any CPU.ActiveCfg = Release|Any CPU
		{86E838F2-9EFA-9A30-BEE3-CDFACE5BB274}.Release|Any CPU.Build.0 = Release|Any CPU
		{6074ED9A-AD89-5F62-AEBB-E2629E5FB23C}.Debug|Any CPU.ActiveCfg = Debug|Any CPU
		{6074ED9A-AD89-5F62-AEBB-E2629E5FB23C}.Debug|Any CPU.Build.0 = Debug|Any CPU
		{6074ED9A-AD89-5F62-AEBB-E2629E5FB23C}.Release|Any CPU.ActiveCfg = Release|Any CPU
		{6074ED9A-AD89-5F62-AEBB-E2629E5FB23C}.Release|Any CPU.Build.0 = Release|Any CPU
		{7DF3EB3A-AC87-A4DD-95C9-D76CB42B96DE}.Debug|Any CPU.ActiveCfg = Debug|Any CPU
		{7DF3EB3A-AC87-A4DD-95C9-D76CB42B96DE}.Debug|Any CPU.Build.0 = Debug|Any CPU
		{7DF3EB3A-AC87-A4DD-95C9-D76CB42B96DE}.Release|Any CPU.ActiveCfg = Release|Any CPU
		{7DF3EB3A-AC87-A4DD-95C9-D76CB42B96DE}.Release|Any CPU.Build.0 = Release|Any CPU
		{08397910-A3A9-C4F3-23FE-BB161D19ECFE}.Debug|Any CPU.ActiveCfg = Debug|Any CPU
		{08397910-A3A9-C4F3-23FE-BB161D19ECFE}.Debug|Any CPU.Build.0 = Debug|Any CPU
		{08397910-A3A9-C4F3-23FE-BB161D19ECFE}.Release|Any CPU.ActiveCfg = Release|Any CPU
		{08397910-A3A9-C4F3-23FE-BB161D19ECFE}.Release|Any CPU.Build.0 = Release|Any CPU
		{0E190A68-7C02-D155-CECF-905A4FA47CB9}.Debug|Any CPU.ActiveCfg = Debug|Any CPU
		{0E190A68-7C02-D155-CECF-905A4FA47CB9}.Debug|Any CPU.Build.0 = Debug|Any CPU
		{0E190A68-7C02-D155-CECF-905A4FA47CB9}.Release|Any CPU.ActiveCfg = Release|Any CPU
		{0E190A68-7C02-D155-CECF-905A4FA47CB9}.Release|Any CPU.Build.0 = Release|Any CPU
		{1B661983-DE33-B4B1-0F9B-FE98DD84684C}.Debug|Any CPU.ActiveCfg = Debug|Any CPU
		{1B661983-DE33-B4B1-0F9B-FE98DD84684C}.Debug|Any CPU.Build.0 = Debug|Any CPU
		{1B661983-DE33-B4B1-0F9B-FE98DD84684C}.Release|Any CPU.ActiveCfg = Release|Any CPU
		{1B661983-DE33-B4B1-0F9B-FE98DD84684C}.Release|Any CPU.Build.0 = Release|Any CPU
		{2922C4D3-678F-498E-9167-8906B41EC79A}.Debug|Any CPU.ActiveCfg = Debug|Any CPU
		{2922C4D3-678F-498E-9167-8906B41EC79A}.Debug|Any CPU.Build.0 = Debug|Any CPU
		{2922C4D3-678F-498E-9167-8906B41EC79A}.Release|Any CPU.ActiveCfg = Release|Any CPU
		{2922C4D3-678F-498E-9167-8906B41EC79A}.Release|Any CPU.Build.0 = Release|Any CPU
		{8401D8CD-35E6-BF7A-A187-DBFC3E411996}.Debug|Any CPU.ActiveCfg = Debug|Any CPU
		{8401D8CD-35E6-BF7A-A187-DBFC3E411996}.Debug|Any CPU.Build.0 = Debug|Any CPU
		{8401D8CD-35E6-BF7A-A187-DBFC3E411996}.Release|Any CPU.ActiveCfg = Release|Any CPU
		{8401D8CD-35E6-BF7A-A187-DBFC3E411996}.Release|Any CPU.Build.0 = Release|Any CPU
		{5E2A984E-ED09-D295-C813-AF105D8A7D69}.Debug|Any CPU.ActiveCfg = Debug|Any CPU
		{5E2A984E-ED09-D295-C813-AF105D8A7D69}.Debug|Any CPU.Build.0 = Debug|Any CPU
		{5E2A984E-ED09-D295-C813-AF105D8A7D69}.Release|Any CPU.ActiveCfg = Release|Any CPU
		{5E2A984E-ED09-D295-C813-AF105D8A7D69}.Release|Any CPU.Build.0 = Release|Any CPU
		{86CD9D45-ED08-2310-DD44-35E0BE04D78D}.Debug|Any CPU.ActiveCfg = Debug|Any CPU
		{86CD9D45-ED08-2310-DD44-35E0BE04D78D}.Debug|Any CPU.Build.0 = Debug|Any CPU
		{86CD9D45-ED08-2310-DD44-35E0BE04D78D}.Release|Any CPU.ActiveCfg = Release|Any CPU
		{86CD9D45-ED08-2310-DD44-35E0BE04D78D}.Release|Any CPU.Build.0 = Release|Any CPU
		{C86A225E-F614-AAE1-CBD1-3BB5CF17120D}.Debug|Any CPU.ActiveCfg = Debug|Any CPU
		{C86A225E-F614-AAE1-CBD1-3BB5CF17120D}.Debug|Any CPU.Build.0 = Debug|Any CPU
		{C86A225E-F614-AAE1-CBD1-3BB5CF17120D}.Release|Any CPU.ActiveCfg = Release|Any CPU
		{C86A225E-F614-AAE1-CBD1-3BB5CF17120D}.Release|Any CPU.Build.0 = Release|Any CPU
		{FCE3B466-3F69-C529-6E30-7E62F4FEF01F}.Debug|Any CPU.ActiveCfg = Debug|Any CPU
		{FCE3B466-3F69-C529-6E30-7E62F4FEF01F}.Debug|Any CPU.Build.0 = Debug|Any CPU
		{FCE3B466-3F69-C529-6E30-7E62F4FEF01F}.Release|Any CPU.ActiveCfg = Release|Any CPU
		{FCE3B466-3F69-C529-6E30-7E62F4FEF01F}.Release|Any CPU.Build.0 = Release|Any CPU
		{0EB0E32F-472F-F1EB-0FDE-34FA9A5C6E30}.Debug|Any CPU.ActiveCfg = Debug|Any CPU
		{0EB0E32F-472F-F1EB-0FDE-34FA9A5C6E30}.Debug|Any CPU.Build.0 = Debug|Any CPU
		{0EB0E32F-472F-F1EB-0FDE-34FA9A5C6E30}.Release|Any CPU.ActiveCfg = Release|Any CPU
		{0EB0E32F-472F-F1EB-0FDE-34FA9A5C6E30}.Release|Any CPU.Build.0 = Release|Any CPU
		{12757F4C-E6D8-63B9-CDC6-42EB103EEBFC}.Debug|Any CPU.ActiveCfg = Debug|Any CPU
		{12757F4C-E6D8-63B9-CDC6-42EB103EEBFC}.Debug|Any CPU.Build.0 = Debug|Any CPU
		{12757F4C-E6D8-63B9-CDC6-42EB103EEBFC}.Release|Any CPU.ActiveCfg = Release|Any CPU
		{12757F4C-E6D8-63B9-CDC6-42EB103EEBFC}.Release|Any CPU.Build.0 = Release|Any CPU
		{1DDE6656-4A9B-E76E-E7E4-A5CE1C81E132}.Debug|Any CPU.ActiveCfg = Debug|Any CPU
		{1DDE6656-4A9B-E76E-E7E4-A5CE1C81E132}.Debug|Any CPU.Build.0 = Debug|Any CPU
		{1DDE6656-4A9B-E76E-E7E4-A5CE1C81E132}.Release|Any CPU.ActiveCfg = Release|Any CPU
		{1DDE6656-4A9B-E76E-E7E4-A5CE1C81E132}.Release|Any CPU.Build.0 = Release|Any CPU
		{699AE72B-5240-C08F-C2F8-45945EF45074}.Debug|Any CPU.ActiveCfg = Debug|Any CPU
		{699AE72B-5240-C08F-C2F8-45945EF45074}.Debug|Any CPU.Build.0 = Debug|Any CPU
		{699AE72B-5240-C08F-C2F8-45945EF45074}.Release|Any CPU.ActiveCfg = Release|Any CPU
		{699AE72B-5240-C08F-C2F8-45945EF45074}.Release|Any CPU.Build.0 = Release|Any CPU
		{6EA22CF8-F11C-354C-B504-2D20F8D45A85}.Debug|Any CPU.ActiveCfg = Debug|Any CPU
		{6EA22CF8-F11C-354C-B504-2D20F8D45A85}.Debug|Any CPU.Build.0 = Debug|Any CPU
		{6EA22CF8-F11C-354C-B504-2D20F8D45A85}.Release|Any CPU.ActiveCfg = Release|Any CPU
		{6EA22CF8-F11C-354C-B504-2D20F8D45A85}.Release|Any CPU.Build.0 = Release|Any CPU
		{009890A7-87CD-80E9-7229-E7EE1D93D3BD}.Debug|Any CPU.ActiveCfg = Debug|Any CPU
		{009890A7-87CD-80E9-7229-E7EE1D93D3BD}.Debug|Any CPU.Build.0 = Debug|Any CPU
		{009890A7-87CD-80E9-7229-E7EE1D93D3BD}.Release|Any CPU.ActiveCfg = Release|Any CPU
		{009890A7-87CD-80E9-7229-E7EE1D93D3BD}.Release|Any CPU.Build.0 = Release|Any CPU
		{10DA42E6-3B88-0DEC-33D8-EF64532952AC}.Debug|Any CPU.ActiveCfg = Debug|Any CPU
		{10DA42E6-3B88-0DEC-33D8-EF64532952AC}.Debug|Any CPU.Build.0 = Debug|Any CPU
		{10DA42E6-3B88-0DEC-33D8-EF64532952AC}.Release|Any CPU.ActiveCfg = Release|Any CPU
		{10DA42E6-3B88-0DEC-33D8-EF64532952AC}.Release|Any CPU.Build.0 = Release|Any CPU
		{7BF1F62D-4B9F-781A-0AB0-3469F320DABF}.Debug|Any CPU.ActiveCfg = Debug|Any CPU
		{7BF1F62D-4B9F-781A-0AB0-3469F320DABF}.Debug|Any CPU.Build.0 = Debug|Any CPU
		{7BF1F62D-4B9F-781A-0AB0-3469F320DABF}.Release|Any CPU.ActiveCfg = Release|Any CPU
		{7BF1F62D-4B9F-781A-0AB0-3469F320DABF}.Release|Any CPU.Build.0 = Release|Any CPU
		{CB8092FB-1F33-2DE3-BDBD-4C8B95B41922}.Debug|Any CPU.ActiveCfg = Debug|Any CPU
		{CB8092FB-1F33-2DE3-BDBD-4C8B95B41922}.Debug|Any CPU.Build.0 = Debug|Any CPU
		{CB8092FB-1F33-2DE3-BDBD-4C8B95B41922}.Release|Any CPU.ActiveCfg = Release|Any CPU
		{CB8092FB-1F33-2DE3-BDBD-4C8B95B41922}.Release|Any CPU.Build.0 = Release|Any CPU
		{C2E61BF3-3ED4-A67B-583F-34F4DBB4756E}.Debug|Any CPU.ActiveCfg = Debug|Any CPU
		{C2E61BF3-3ED4-A67B-583F-34F4DBB4756E}.Debug|Any CPU.Build.0 = Debug|Any CPU
		{C2E61BF3-3ED4-A67B-583F-34F4DBB4756E}.Release|Any CPU.ActiveCfg = Release|Any CPU
		{C2E61BF3-3ED4-A67B-583F-34F4DBB4756E}.Release|Any CPU.Build.0 = Release|Any CPU
		{5B580621-09B4-68CB-B5F4-5B9DD210A60F}.Debug|Any CPU.ActiveCfg = Debug|Any CPU
		{5B580621-09B4-68CB-B5F4-5B9DD210A60F}.Debug|Any CPU.Build.0 = Debug|Any CPU
		{5B580621-09B4-68CB-B5F4-5B9DD210A60F}.Release|Any CPU.ActiveCfg = Release|Any CPU
		{5B580621-09B4-68CB-B5F4-5B9DD210A60F}.Release|Any CPU.Build.0 = Release|Any CPU
		{A9B356E2-0ADB-8139-1C3E-36598F5A791B}.Debug|Any CPU.ActiveCfg = Debug|Any CPU
		{A9B356E2-0ADB-8139-1C3E-36598F5A791B}.Debug|Any CPU.Build.0 = Debug|Any CPU
		{A9B356E2-0ADB-8139-1C3E-36598F5A791B}.Release|Any CPU.ActiveCfg = Release|Any CPU
		{A9B356E2-0ADB-8139-1C3E-36598F5A791B}.Release|Any CPU.Build.0 = Release|Any CPU
		{044EC3B6-96EC-9CCB-7F01-5B950595EFD1}.Debug|Any CPU.ActiveCfg = Debug|Any CPU
		{044EC3B6-96EC-9CCB-7F01-5B950595EFD1}.Debug|Any CPU.Build.0 = Debug|Any CPU
		{044EC3B6-96EC-9CCB-7F01-5B950595EFD1}.Release|Any CPU.ActiveCfg = Release|Any CPU
		{044EC3B6-96EC-9CCB-7F01-5B950595EFD1}.Release|Any CPU.Build.0 = Release|Any CPU
		{D00035D0-518E-7D0D-361F-71C507FEBCEB}.Debug|Any CPU.ActiveCfg = Debug|Any CPU
		{D00035D0-518E-7D0D-361F-71C507FEBCEB}.Debug|Any CPU.Build.0 = Debug|Any CPU
		{D00035D0-518E-7D0D-361F-71C507FEBCEB}.Release|Any CPU.ActiveCfg = Release|Any CPU
		{D00035D0-518E-7D0D-361F-71C507FEBCEB}.Release|Any CPU.Build.0 = Release|Any CPU
		{D1A49AB5-6AA7-4604-038A-8329720F70F9}.Debug|Any CPU.ActiveCfg = Debug|Any CPU
		{D1A49AB5-6AA7-4604-038A-8329720F70F9}.Debug|Any CPU.Build.0 = Debug|Any CPU
		{D1A49AB5-6AA7-4604-038A-8329720F70F9}.Release|Any CPU.ActiveCfg = Release|Any CPU
		{D1A49AB5-6AA7-4604-038A-8329720F70F9}.Release|Any CPU.Build.0 = Release|Any CPU
		{4B0C2CFF-C8B4-A077-E189-8E43EEF1134F}.Debug|Any CPU.ActiveCfg = Debug|Any CPU
		{4B0C2CFF-C8B4-A077-E189-8E43EEF1134F}.Debug|Any CPU.Build.0 = Debug|Any CPU
		{4B0C2CFF-C8B4-A077-E189-8E43EEF1134F}.Release|Any CPU.ActiveCfg = Release|Any CPU
		{4B0C2CFF-C8B4-A077-E189-8E43EEF1134F}.Release|Any CPU.Build.0 = Release|Any CPU
		{3F483A7B-9B4A-6099-8838-8C4ABF1B8B2A}.Debug|Any CPU.ActiveCfg = Debug|Any CPU
		{3F483A7B-9B4A-6099-8838-8C4ABF1B8B2A}.Debug|Any CPU.Build.0 = Debug|Any CPU
		{3F483A7B-9B4A-6099-8838-8C4ABF1B8B2A}.Release|Any CPU.ActiveCfg = Release|Any CPU
		{3F483A7B-9B4A-6099-8838-8C4ABF1B8B2A}.Release|Any CPU.Build.0 = Release|Any CPU
		{491B261A-1B70-B469-C046-62ACA5146ECE}.Debug|Any CPU.ActiveCfg = Debug|Any CPU
		{491B261A-1B70-B469-C046-62ACA5146ECE}.Debug|Any CPU.Build.0 = Debug|Any CPU
		{491B261A-1B70-B469-C046-62ACA5146ECE}.Release|Any CPU.ActiveCfg = Release|Any CPU
		{491B261A-1B70-B469-C046-62ACA5146ECE}.Release|Any CPU.Build.0 = Release|Any CPU
		{326CC6D2-3E23-76E0-6391-66D46D304D8D}.Debug|Any CPU.ActiveCfg = Debug|Any CPU
		{326CC6D2-3E23-76E0-6391-66D46D304D8D}.Debug|Any CPU.Build.0 = Debug|Any CPU
		{326CC6D2-3E23-76E0-6391-66D46D304D8D}.Release|Any CPU.ActiveCfg = Release|Any CPU
		{326CC6D2-3E23-76E0-6391-66D46D304D8D}.Release|Any CPU.Build.0 = Release|Any CPU
		{B08633BA-1B9A-BC2E-A8CA-5EC70E8EF766}.Debug|Any CPU.ActiveCfg = Debug|Any CPU
		{B08633BA-1B9A-BC2E-A8CA-5EC70E8EF766}.Debug|Any CPU.Build.0 = Debug|Any CPU
		{B08633BA-1B9A-BC2E-A8CA-5EC70E8EF766}.Release|Any CPU.ActiveCfg = Release|Any CPU
		{B08633BA-1B9A-BC2E-A8CA-5EC70E8EF766}.Release|Any CPU.Build.0 = Release|Any CPU
		{1CE4C491-0A6D-23E4-FA54-E85C87974EB6}.Debug|Any CPU.ActiveCfg = Debug|Any CPU
		{1CE4C491-0A6D-23E4-FA54-E85C87974EB6}.Debug|Any CPU.Build.0 = Debug|Any CPU
		{1CE4C491-0A6D-23E4-FA54-E85C87974EB6}.Release|Any CPU.ActiveCfg = Release|Any CPU
		{1CE4C491-0A6D-23E4-FA54-E85C87974EB6}.Release|Any CPU.Build.0 = Release|Any CPU
		{AF9C8BAF-1ECC-F98D-07CF-142EFC8A0C38}.Debug|Any CPU.ActiveCfg = Debug|Any CPU
		{AF9C8BAF-1ECC-F98D-07CF-142EFC8A0C38}.Debug|Any CPU.Build.0 = Debug|Any CPU
		{AF9C8BAF-1ECC-F98D-07CF-142EFC8A0C38}.Release|Any CPU.ActiveCfg = Release|Any CPU
		{AF9C8BAF-1ECC-F98D-07CF-142EFC8A0C38}.Release|Any CPU.Build.0 = Release|Any CPU
		{B005DE64-59D9-A480-DA3F-0BC4D7202DA9}.Debug|Any CPU.ActiveCfg = Debug|Any CPU
		{B005DE64-59D9-A480-DA3F-0BC4D7202DA9}.Debug|Any CPU.Build.0 = Debug|Any CPU
		{B005DE64-59D9-A480-DA3F-0BC4D7202DA9}.Release|Any CPU.ActiveCfg = Release|Any CPU
		{B005DE64-59D9-A480-DA3F-0BC4D7202DA9}.Release|Any CPU.Build.0 = Release|Any CPU
		{2474C161-D50C-BE2B-E394-F8C93A07A1BB}.Debug|Any CPU.ActiveCfg = Debug|Any CPU
		{2474C161-D50C-BE2B-E394-F8C93A07A1BB}.Debug|Any CPU.Build.0 = Debug|Any CPU
		{2474C161-D50C-BE2B-E394-F8C93A07A1BB}.Release|Any CPU.ActiveCfg = Release|Any CPU
		{2474C161-D50C-BE2B-E394-F8C93A07A1BB}.Release|Any CPU.Build.0 = Release|Any CPU
		{94F827D3-61C0-7CBC-A190-3E2F80AC6577}.Debug|Any CPU.ActiveCfg = Debug|Any CPU
		{94F827D3-61C0-7CBC-A190-3E2F80AC6577}.Debug|Any CPU.Build.0 = Debug|Any CPU
		{94F827D3-61C0-7CBC-A190-3E2F80AC6577}.Release|Any CPU.ActiveCfg = Release|Any CPU
		{94F827D3-61C0-7CBC-A190-3E2F80AC6577}.Release|Any CPU.Build.0 = Release|Any CPU
		{842C1471-BE33-1012-23F8-B12F7FD2DAB7}.Debug|Any CPU.ActiveCfg = Debug|Any CPU
		{842C1471-BE33-1012-23F8-B12F7FD2DAB7}.Debug|Any CPU.Build.0 = Debug|Any CPU
		{842C1471-BE33-1012-23F8-B12F7FD2DAB7}.Release|Any CPU.ActiveCfg = Release|Any CPU
		{842C1471-BE33-1012-23F8-B12F7FD2DAB7}.Release|Any CPU.Build.0 = Release|Any CPU
		{F4366210-D415-3BEF-9AF3-CDC6EBCF86A3}.Debug|Any CPU.ActiveCfg = Debug|Any CPU
		{F4366210-D415-3BEF-9AF3-CDC6EBCF86A3}.Debug|Any CPU.Build.0 = Debug|Any CPU
		{F4366210-D415-3BEF-9AF3-CDC6EBCF86A3}.Release|Any CPU.ActiveCfg = Release|Any CPU
		{F4366210-D415-3BEF-9AF3-CDC6EBCF86A3}.Release|Any CPU.Build.0 = Release|Any CPU
		{2AB81635-98E2-29B1-623F-99D8470055E5}.Debug|Any CPU.ActiveCfg = Debug|Any CPU
		{2AB81635-98E2-29B1-623F-99D8470055E5}.Debug|Any CPU.Build.0 = Debug|Any CPU
		{2AB81635-98E2-29B1-623F-99D8470055E5}.Release|Any CPU.ActiveCfg = Release|Any CPU
		{2AB81635-98E2-29B1-623F-99D8470055E5}.Release|Any CPU.Build.0 = Release|Any CPU
		{82A333A3-697E-5EBE-B3C7-54B08F19BFA6}.Debug|Any CPU.ActiveCfg = Debug|Any CPU
		{82A333A3-697E-5EBE-B3C7-54B08F19BFA6}.Debug|Any CPU.Build.0 = Debug|Any CPU
		{82A333A3-697E-5EBE-B3C7-54B08F19BFA6}.Release|Any CPU.ActiveCfg = Release|Any CPU
		{82A333A3-697E-5EBE-B3C7-54B08F19BFA6}.Release|Any CPU.Build.0 = Release|Any CPU
		{5A1FE3D4-D425-A6E4-0832-A730D92789B3}.Debug|Any CPU.ActiveCfg = Debug|Any CPU
		{5A1FE3D4-D425-A6E4-0832-A730D92789B3}.Debug|Any CPU.Build.0 = Debug|Any CPU
		{5A1FE3D4-D425-A6E4-0832-A730D92789B3}.Release|Any CPU.ActiveCfg = Release|Any CPU
		{5A1FE3D4-D425-A6E4-0832-A730D92789B3}.Release|Any CPU.Build.0 = Release|Any CPU
		{EA01A466-3C81-3F16-A520-AF27AF937B6E}.Debug|Any CPU.ActiveCfg = Debug|Any CPU
		{EA01A466-3C81-3F16-A520-AF27AF937B6E}.Debug|Any CPU.Build.0 = Debug|Any CPU
		{EA01A466-3C81-3F16-A520-AF27AF937B6E}.Release|Any CPU.ActiveCfg = Release|Any CPU
		{EA01A466-3C81-3F16-A520-AF27AF937B6E}.Release|Any CPU.Build.0 = Release|Any CPU
		{02157632-57A1-4DE4-277C-6C2B7BB718B3}.Debug|Any CPU.ActiveCfg = Debug|Any CPU
		{02157632-57A1-4DE4-277C-6C2B7BB718B3}.Debug|Any CPU.Build.0 = Debug|Any CPU
		{02157632-57A1-4DE4-277C-6C2B7BB718B3}.Release|Any CPU.ActiveCfg = Release|Any CPU
		{02157632-57A1-4DE4-277C-6C2B7BB718B3}.Release|Any CPU.Build.0 = Release|Any CPU
		{E25B9577-A0E7-4DBE-E901-838B9EEDE883}.Debug|Any CPU.ActiveCfg = Debug|Any CPU
		{E25B9577-A0E7-4DBE-E901-838B9EEDE883}.Debug|Any CPU.Build.0 = Debug|Any CPU
		{E25B9577-A0E7-4DBE-E901-838B9EEDE883}.Release|Any CPU.ActiveCfg = Release|Any CPU
		{E25B9577-A0E7-4DBE-E901-838B9EEDE883}.Release|Any CPU.Build.0 = Release|Any CPU
		{0E10E4C8-92F6-6EC0-9C24-1C7FC9E40C44}.Debug|Any CPU.ActiveCfg = Debug|Any CPU
		{0E10E4C8-92F6-6EC0-9C24-1C7FC9E40C44}.Debug|Any CPU.Build.0 = Debug|Any CPU
		{0E10E4C8-92F6-6EC0-9C24-1C7FC9E40C44}.Release|Any CPU.ActiveCfg = Release|Any CPU
		{0E10E4C8-92F6-6EC0-9C24-1C7FC9E40C44}.Release|Any CPU.Build.0 = Release|Any CPU
		{EB542B19-361E-7881-C312-841C00D24D02}.Debug|Any CPU.ActiveCfg = Debug|Any CPU
		{EB542B19-361E-7881-C312-841C00D24D02}.Debug|Any CPU.Build.0 = Debug|Any CPU
		{EB542B19-361E-7881-C312-841C00D24D02}.Release|Any CPU.ActiveCfg = Release|Any CPU
		{EB542B19-361E-7881-C312-841C00D24D02}.Release|Any CPU.Build.0 = Release|Any CPU
		{A53E1654-F91E-36AC-181C-A7191BA3F69A}.Debug|Any CPU.ActiveCfg = Debug|Any CPU
		{A53E1654-F91E-36AC-181C-A7191BA3F69A}.Debug|Any CPU.Build.0 = Debug|Any CPU
		{A53E1654-F91E-36AC-181C-A7191BA3F69A}.Release|Any CPU.ActiveCfg = Release|Any CPU
		{A53E1654-F91E-36AC-181C-A7191BA3F69A}.Release|Any CPU.Build.0 = Release|Any CPU
		{072383D5-2071-4FF5-E386-B64AC9285258}.Debug|Any CPU.ActiveCfg = Debug|Any CPU
		{072383D5-2071-4FF5-E386-B64AC9285258}.Debug|Any CPU.Build.0 = Debug|Any CPU
		{072383D5-2071-4FF5-E386-B64AC9285258}.Release|Any CPU.ActiveCfg = Release|Any CPU
		{072383D5-2071-4FF5-E386-B64AC9285258}.Release|Any CPU.Build.0 = Release|Any CPU
		{2FCB5B76-88CC-016A-3C5F-29C22CB09654}.Debug|Any CPU.ActiveCfg = Debug|Any CPU
		{2FCB5B76-88CC-016A-3C5F-29C22CB09654}.Debug|Any CPU.Build.0 = Debug|Any CPU
		{2FCB5B76-88CC-016A-3C5F-29C22CB09654}.Release|Any CPU.ActiveCfg = Release|Any CPU
		{2FCB5B76-88CC-016A-3C5F-29C22CB09654}.Release|Any CPU.Build.0 = Release|Any CPU
		{EE9F526C-7A88-1E1D-42A0-6BC33C497857}.Debug|Any CPU.ActiveCfg = Debug|Any CPU
		{EE9F526C-7A88-1E1D-42A0-6BC33C497857}.Debug|Any CPU.Build.0 = Debug|Any CPU
		{EE9F526C-7A88-1E1D-42A0-6BC33C497857}.Release|Any CPU.ActiveCfg = Release|Any CPU
		{EE9F526C-7A88-1E1D-42A0-6BC33C497857}.Release|Any CPU.Build.0 = Release|Any CPU
		{8E75DA6F-27C7-30A9-B345-1F0D4A16BBCE}.Debug|Any CPU.ActiveCfg = Debug|Any CPU
		{8E75DA6F-27C7-30A9-B345-1F0D4A16BBCE}.Debug|Any CPU.Build.0 = Debug|Any CPU
		{8E75DA6F-27C7-30A9-B345-1F0D4A16BBCE}.Release|Any CPU.ActiveCfg = Release|Any CPU
		{8E75DA6F-27C7-30A9-B345-1F0D4A16BBCE}.Release|Any CPU.Build.0 = Release|Any CPU
		{2D06CA18-85D5-DC00-9CDE-F43CD4A19A1F}.Debug|Any CPU.ActiveCfg = Debug|Any CPU
		{2D06CA18-85D5-DC00-9CDE-F43CD4A19A1F}.Debug|Any CPU.Build.0 = Debug|Any CPU
		{2D06CA18-85D5-DC00-9CDE-F43CD4A19A1F}.Release|Any CPU.ActiveCfg = Release|Any CPU
		{2D06CA18-85D5-DC00-9CDE-F43CD4A19A1F}.Release|Any CPU.Build.0 = Release|Any CPU
		{F976BAA9-EBF1-F414-D952-CCE101D029E5}.Debug|Any CPU.ActiveCfg = Debug|Any CPU
		{F976BAA9-EBF1-F414-D952-CCE101D029E5}.Debug|Any CPU.Build.0 = Debug|Any CPU
		{F976BAA9-EBF1-F414-D952-CCE101D029E5}.Release|Any CPU.ActiveCfg = Release|Any CPU
		{F976BAA9-EBF1-F414-D952-CCE101D029E5}.Release|Any CPU.Build.0 = Release|Any CPU
		{3CC9D2C0-C461-07D9-EDF3-4FFB4DE5C299}.Debug|Any CPU.ActiveCfg = Debug|Any CPU
		{3CC9D2C0-C461-07D9-EDF3-4FFB4DE5C299}.Debug|Any CPU.Build.0 = Debug|Any CPU
		{3CC9D2C0-C461-07D9-EDF3-4FFB4DE5C299}.Release|Any CPU.ActiveCfg = Release|Any CPU
		{3CC9D2C0-C461-07D9-EDF3-4FFB4DE5C299}.Release|Any CPU.Build.0 = Release|Any CPU
		{99943B92-D8A9-AD82-FF25-269D0EFD782E}.Debug|Any CPU.ActiveCfg = Debug|Any CPU
		{99943B92-D8A9-AD82-FF25-269D0EFD782E}.Debug|Any CPU.Build.0 = Debug|Any CPU
		{99943B92-D8A9-AD82-FF25-269D0EFD782E}.Release|Any CPU.ActiveCfg = Release|Any CPU
		{99943B92-D8A9-AD82-FF25-269D0EFD782E}.Release|Any CPU.Build.0 = Release|Any CPU
		{F4BD3123-3E6B-6176-8F8F-9AE8B09BEC1E}.Debug|Any CPU.ActiveCfg = Debug|Any CPU
		{F4BD3123-3E6B-6176-8F8F-9AE8B09BEC1E}.Debug|Any CPU.Build.0 = Debug|Any CPU
		{F4BD3123-3E6B-6176-8F8F-9AE8B09BEC1E}.Release|Any CPU.ActiveCfg = Release|Any CPU
		{F4BD3123-3E6B-6176-8F8F-9AE8B09BEC1E}.Release|Any CPU.Build.0 = Release|Any CPU
		{41B2ABDC-8448-1923-7F61-DE7C3F9DBB21}.Debug|Any CPU.ActiveCfg = Debug|Any CPU
		{41B2ABDC-8448-1923-7F61-DE7C3F9DBB21}.Debug|Any CPU.Build.0 = Debug|Any CPU
		{41B2ABDC-8448-1923-7F61-DE7C3F9DBB21}.Release|Any CPU.ActiveCfg = Release|Any CPU
		{41B2ABDC-8448-1923-7F61-DE7C3F9DBB21}.Release|Any CPU.Build.0 = Release|Any CPU
		{7B4B299D-B68C-114F-54D7-0A2321EC308B}.Debug|Any CPU.ActiveCfg = Debug|Any CPU
		{7B4B299D-B68C-114F-54D7-0A2321EC308B}.Debug|Any CPU.Build.0 = Debug|Any CPU
		{7B4B299D-B68C-114F-54D7-0A2321EC308B}.Release|Any CPU.ActiveCfg = Release|Any CPU
		{7B4B299D-B68C-114F-54D7-0A2321EC308B}.Release|Any CPU.Build.0 = Release|Any CPU
		{FCD47650-9748-2FA0-81A2-F20661BBFBC3}.Debug|Any CPU.ActiveCfg = Debug|Any CPU
		{FCD47650-9748-2FA0-81A2-F20661BBFBC3}.Debug|Any CPU.Build.0 = Debug|Any CPU
		{FCD47650-9748-2FA0-81A2-F20661BBFBC3}.Release|Any CPU.ActiveCfg = Release|Any CPU
		{FCD47650-9748-2FA0-81A2-F20661BBFBC3}.Release|Any CPU.Build.0 = Release|Any CPU
		{A3EF6862-9FB9-2645-93FA-AD00AF62628E}.Debug|Any CPU.ActiveCfg = Debug|Any CPU
		{A3EF6862-9FB9-2645-93FA-AD00AF62628E}.Debug|Any CPU.Build.0 = Debug|Any CPU
		{A3EF6862-9FB9-2645-93FA-AD00AF62628E}.Release|Any CPU.ActiveCfg = Release|Any CPU
		{A3EF6862-9FB9-2645-93FA-AD00AF62628E}.Release|Any CPU.Build.0 = Release|Any CPU
		{5F807886-B334-9D33-E54E-5B11CBED97F7}.Debug|Any CPU.ActiveCfg = Debug|Any CPU
		{5F807886-B334-9D33-E54E-5B11CBED97F7}.Debug|Any CPU.Build.0 = Debug|Any CPU
		{5F807886-B334-9D33-E54E-5B11CBED97F7}.Release|Any CPU.ActiveCfg = Release|Any CPU
		{5F807886-B334-9D33-E54E-5B11CBED97F7}.Release|Any CPU.Build.0 = Release|Any CPU
		{DCF871C0-6D6F-DF79-7920-49FBA4C89006}.Debug|Any CPU.ActiveCfg = Debug|Any CPU
		{DCF871C0-6D6F-DF79-7920-49FBA4C89006}.Debug|Any CPU.Build.0 = Debug|Any CPU
		{DCF871C0-6D6F-DF79-7920-49FBA4C89006}.Release|Any CPU.ActiveCfg = Release|Any CPU
		{DCF871C0-6D6F-DF79-7920-49FBA4C89006}.Release|Any CPU.Build.0 = Release|Any CPU
		{25CEB621-007C-C0EE-4135-2A0FB8DFB031}.Debug|Any CPU.ActiveCfg = Debug|Any CPU
		{25CEB621-007C-C0EE-4135-2A0FB8DFB031}.Debug|Any CPU.Build.0 = Debug|Any CPU
		{25CEB621-007C-C0EE-4135-2A0FB8DFB031}.Release|Any CPU.ActiveCfg = Release|Any CPU
		{25CEB621-007C-C0EE-4135-2A0FB8DFB031}.Release|Any CPU.Build.0 = Release|Any CPU
		{398535F7-B157-0441-101B-E313A10EC8C5}.Debug|Any CPU.ActiveCfg = Debug|Any CPU
		{398535F7-B157-0441-101B-E313A10EC8C5}.Debug|Any CPU.Build.0 = Debug|Any CPU
		{398535F7-B157-0441-101B-E313A10EC8C5}.Release|Any CPU.ActiveCfg = Release|Any CPU
		{398535F7-B157-0441-101B-E313A10EC8C5}.Release|Any CPU.Build.0 = Release|Any CPU
		{AE2F5452-3899-7989-CC82-77A1BF6D5876}.Debug|Any CPU.ActiveCfg = Debug|Any CPU
		{AE2F5452-3899-7989-CC82-77A1BF6D5876}.Debug|Any CPU.Build.0 = Debug|Any CPU
		{AE2F5452-3899-7989-CC82-77A1BF6D5876}.Release|Any CPU.ActiveCfg = Release|Any CPU
		{AE2F5452-3899-7989-CC82-77A1BF6D5876}.Release|Any CPU.Build.0 = Release|Any CPU
		{1B69EAA8-0570-DB8C-0CCB-996A28875582}.Debug|Any CPU.ActiveCfg = Debug|Any CPU
		{1B69EAA8-0570-DB8C-0CCB-996A28875582}.Debug|Any CPU.Build.0 = Debug|Any CPU
		{1B69EAA8-0570-DB8C-0CCB-996A28875582}.Release|Any CPU.ActiveCfg = Release|Any CPU
		{1B69EAA8-0570-DB8C-0CCB-996A28875582}.Release|Any CPU.Build.0 = Release|Any CPU
		{65F60595-1680-7B6E-30BE-78FD64F73604}.Debug|Any CPU.ActiveCfg = Debug|Any CPU
		{65F60595-1680-7B6E-30BE-78FD64F73604}.Debug|Any CPU.Build.0 = Debug|Any CPU
		{65F60595-1680-7B6E-30BE-78FD64F73604}.Release|Any CPU.ActiveCfg = Release|Any CPU
		{65F60595-1680-7B6E-30BE-78FD64F73604}.Release|Any CPU.Build.0 = Release|Any CPU
		{FBBD67CC-65A4-5CC0-3059-A38E0219734D}.Debug|Any CPU.ActiveCfg = Debug|Any CPU
		{FBBD67CC-65A4-5CC0-3059-A38E0219734D}.Debug|Any CPU.Build.0 = Debug|Any CPU
		{FBBD67CC-65A4-5CC0-3059-A38E0219734D}.Release|Any CPU.ActiveCfg = Release|Any CPU
		{FBBD67CC-65A4-5CC0-3059-A38E0219734D}.Release|Any CPU.Build.0 = Release|Any CPU
		{5F515BEA-3995-276E-DBA4-F9B99CFE548A}.Debug|Any CPU.ActiveCfg = Debug|Any CPU
		{5F515BEA-3995-276E-DBA4-F9B99CFE548A}.Debug|Any CPU.Build.0 = Debug|Any CPU
		{5F515BEA-3995-276E-DBA4-F9B99CFE548A}.Release|Any CPU.ActiveCfg = Release|Any CPU
		{5F515BEA-3995-276E-DBA4-F9B99CFE548A}.Release|Any CPU.Build.0 = Release|Any CPU
		{8E2FF03C-0A66-B40B-6CF7-500A53A8F664}.Debug|Any CPU.ActiveCfg = Debug|Any CPU
		{8E2FF03C-0A66-B40B-6CF7-500A53A8F664}.Debug|Any CPU.Build.0 = Debug|Any CPU
		{8E2FF03C-0A66-B40B-6CF7-500A53A8F664}.Release|Any CPU.ActiveCfg = Release|Any CPU
		{8E2FF03C-0A66-B40B-6CF7-500A53A8F664}.Release|Any CPU.Build.0 = Release|Any CPU
		{03D9A3FE-D9DC-FFB0-62C6-23A9ABC6F276}.Debug|Any CPU.ActiveCfg = Debug|Any CPU
		{03D9A3FE-D9DC-FFB0-62C6-23A9ABC6F276}.Debug|Any CPU.Build.0 = Debug|Any CPU
		{03D9A3FE-D9DC-FFB0-62C6-23A9ABC6F276}.Release|Any CPU.ActiveCfg = Release|Any CPU
		{03D9A3FE-D9DC-FFB0-62C6-23A9ABC6F276}.Release|Any CPU.Build.0 = Release|Any CPU
		{53438BEB-CF57-DB2B-4973-691B7A7B8F7E}.Debug|Any CPU.ActiveCfg = Debug|Any CPU
		{53438BEB-CF57-DB2B-4973-691B7A7B8F7E}.Debug|Any CPU.Build.0 = Debug|Any CPU
		{53438BEB-CF57-DB2B-4973-691B7A7B8F7E}.Release|Any CPU.ActiveCfg = Release|Any CPU
		{53438BEB-CF57-DB2B-4973-691B7A7B8F7E}.Release|Any CPU.Build.0 = Release|Any CPU
		{EBD1A977-F237-24D3-8292-748FFB234603}.Debug|Any CPU.ActiveCfg = Debug|Any CPU
		{EBD1A977-F237-24D3-8292-748FFB234603}.Debug|Any CPU.Build.0 = Debug|Any CPU
		{EBD1A977-F237-24D3-8292-748FFB234603}.Release|Any CPU.ActiveCfg = Release|Any CPU
		{EBD1A977-F237-24D3-8292-748FFB234603}.Release|Any CPU.Build.0 = Release|Any CPU
		{338F87E5-96EA-46B2-5D98-F339DCD4A68E}.Debug|Any CPU.ActiveCfg = Debug|Any CPU
		{338F87E5-96EA-46B2-5D98-F339DCD4A68E}.Debug|Any CPU.Build.0 = Debug|Any CPU
		{338F87E5-96EA-46B2-5D98-F339DCD4A68E}.Release|Any CPU.ActiveCfg = Release|Any CPU
		{338F87E5-96EA-46B2-5D98-F339DCD4A68E}.Release|Any CPU.Build.0 = Release|Any CPU
		{9A5030DA-5EFC-AC41-CC63-B4F521C1D0C0}.Debug|Any CPU.ActiveCfg = Debug|Any CPU
		{9A5030DA-5EFC-AC41-CC63-B4F521C1D0C0}.Debug|Any CPU.Build.0 = Debug|Any CPU
		{9A5030DA-5EFC-AC41-CC63-B4F521C1D0C0}.Release|Any CPU.ActiveCfg = Release|Any CPU
		{9A5030DA-5EFC-AC41-CC63-B4F521C1D0C0}.Release|Any CPU.Build.0 = Release|Any CPU
		{5014DC85-3247-99A5-9052-EFD8D6441114}.Debug|Any CPU.ActiveCfg = Debug|Any CPU
		{5014DC85-3247-99A5-9052-EFD8D6441114}.Debug|Any CPU.Build.0 = Debug|Any CPU
		{5014DC85-3247-99A5-9052-EFD8D6441114}.Release|Any CPU.ActiveCfg = Release|Any CPU
		{5014DC85-3247-99A5-9052-EFD8D6441114}.Release|Any CPU.Build.0 = Release|Any CPU
		{9BE1C8F7-9BDA-848B-397F-55ED5B6C5450}.Debug|Any CPU.ActiveCfg = Debug|Any CPU
		{9BE1C8F7-9BDA-848B-397F-55ED5B6C5450}.Debug|Any CPU.Build.0 = Debug|Any CPU
		{9BE1C8F7-9BDA-848B-397F-55ED5B6C5450}.Release|Any CPU.ActiveCfg = Release|Any CPU
		{9BE1C8F7-9BDA-848B-397F-55ED5B6C5450}.Release|Any CPU.Build.0 = Release|Any CPU
		{A0B1B46C-8848-EE47-EC02-13A519BA60DA}.Debug|Any CPU.ActiveCfg = Debug|Any CPU
		{A0B1B46C-8848-EE47-EC02-13A519BA60DA}.Debug|Any CPU.Build.0 = Debug|Any CPU
		{A0B1B46C-8848-EE47-EC02-13A519BA60DA}.Release|Any CPU.ActiveCfg = Release|Any CPU
		{A0B1B46C-8848-EE47-EC02-13A519BA60DA}.Release|Any CPU.Build.0 = Release|Any CPU
		{6419E132-6465-98B7-4B83-F6D13D9BDAE4}.Debug|Any CPU.ActiveCfg = Debug|Any CPU
		{6419E132-6465-98B7-4B83-F6D13D9BDAE4}.Debug|Any CPU.Build.0 = Debug|Any CPU
		{6419E132-6465-98B7-4B83-F6D13D9BDAE4}.Release|Any CPU.ActiveCfg = Release|Any CPU
		{6419E132-6465-98B7-4B83-F6D13D9BDAE4}.Release|Any CPU.Build.0 = Release|Any CPU
		{D788BA9A-03C6-5A35-EB97-688FD0B221E4}.Debug|Any CPU.ActiveCfg = Debug|Any CPU
		{D788BA9A-03C6-5A35-EB97-688FD0B221E4}.Debug|Any CPU.Build.0 = Debug|Any CPU
		{D788BA9A-03C6-5A35-EB97-688FD0B221E4}.Release|Any CPU.ActiveCfg = Release|Any CPU
		{D788BA9A-03C6-5A35-EB97-688FD0B221E4}.Release|Any CPU.Build.0 = Release|Any CPU
		{A09E7460-EC68-B8A1-1B20-569FF11DBD10}.Debug|Any CPU.ActiveCfg = Debug|Any CPU
		{A09E7460-EC68-B8A1-1B20-569FF11DBD10}.Debug|Any CPU.Build.0 = Debug|Any CPU
		{A09E7460-EC68-B8A1-1B20-569FF11DBD10}.Release|Any CPU.ActiveCfg = Release|Any CPU
		{A09E7460-EC68-B8A1-1B20-569FF11DBD10}.Release|Any CPU.Build.0 = Release|Any CPU
		{3D9678E1-1481-317F-88EC-B0FB824C1756}.Debug|Any CPU.ActiveCfg = Debug|Any CPU
		{3D9678E1-1481-317F-88EC-B0FB824C1756}.Debug|Any CPU.Build.0 = Debug|Any CPU
		{3D9678E1-1481-317F-88EC-B0FB824C1756}.Release|Any CPU.ActiveCfg = Release|Any CPU
		{3D9678E1-1481-317F-88EC-B0FB824C1756}.Release|Any CPU.Build.0 = Release|Any CPU
		{6CC918C0-CD51-58F0-B691-D43367F7D851}.Debug|Any CPU.ActiveCfg = Debug|Any CPU
		{6CC918C0-CD51-58F0-B691-D43367F7D851}.Debug|Any CPU.Build.0 = Debug|Any CPU
		{6CC918C0-CD51-58F0-B691-D43367F7D851}.Release|Any CPU.ActiveCfg = Release|Any CPU
		{6CC918C0-CD51-58F0-B691-D43367F7D851}.Release|Any CPU.Build.0 = Release|Any CPU
	EndGlobalSection
	GlobalSection(SolutionProperties) = preSolution
		HideSolutionNode = FALSE
	EndGlobalSection
EndGlobal
